
Microsoft Visual Studio Solution File, Format Version 12.00
# Visual Studio Version 17
VisualStudioVersion = 17.8.34525.116
MinimumVisualStudioVersion = 10.0.40219.1
Project("{8BC9CEB8-8B4A-11D0-8D11-00A0C91BC942}") = "link_list", "link_list\link_list.vcxproj", "{E4817822-65B9-4708-A56F-B18DB52FCF81}"
EndProject
Global
	GlobalSection(SolutionConfigurationPlatforms) = preSolution
		Debug|x64 = Debug|x64
		Debug|x86 = Debug|x86
		Release|x64 = Release|x64
		Release|x86 = Release|x86
	EndGlobalSection
	GlobalSection(ProjectConfigurationPlatforms) = postSolution
		{E4817822-65B9-4708-A56F-B18DB52FCF81}.Debug|x64.ActiveCfg = Debug|x64
		{E4817822-65B9-4708-A56F-B18DB52FCF81}.Debug|x64.Build.0 = Debug|x64
		{E4817822-65B9-4708-A56F-B18DB52FCF81}.Debug|x86.ActiveCfg = Debug|Win32
		{E4817822-65B9-4708-A56F-B18DB52FCF81}.Debug|x86.Build.0 = Debug|Win32
		{E4817822-65B9-4708-A56F-B18DB52FCF81}.Release|x64.ActiveCfg = Release|x64
		{E4817822-65B9-4708-A56F-B18DB52FCF81}.Release|x64.Build.0 = Release|x64
		{E4817822-65B9-4708-A56F-B18DB52FCF81}.Release|x86.ActiveCfg = Release|Win32
		{E4817822-65B9-4708-A56F-B18DB52FCF81}.Release|x86.Build.0 = Release|Win32
	EndGlobalSection
	GlobalSection(SolutionProperties) = preSolution
		HideSolutionNode = FALSE
	EndGlobalSection
	GlobalSection(ExtensibilityGlobals) = postSolution
		SolutionGuid = {36A3A523-CF1A-4055-97BE-E4662BC9E87B}
	EndGlobalSection
EndGlobal
